lockfileVersion: 5.4

specifiers:
  zenn-cli: 0.1.130

devDependencies:
  zenn-cli: 0.1.130

packages:

  /zenn-cli/0.1.130:
    resolution: {integrity: sha512-4dKy+UaN7QzhXIZjIN9jkaL0fOgMhatFKCMYojZDqmZ83dD/gX84RAj68z6/dHm5Hs/eqqMrsdO9vac5GH8+9Q==}
    engines: {node: '>=14.0.0'}
    hasBin: true
    dev: true
